
Microsoft Visual Studio Solution File, Format Version 12.00
# Visual Studio Version 17
VisualStudioVersion = 17.4.33213.308
MinimumVisualStudioVersion = 10.0.40219.1
Project("{FAE04EC0-301F-11D3-BF4B-00C04F79EFBC}") = "modul7_kelompok_07", "modul7_kelompok_07\modul7_kelompok_07.csproj", "{DF16960E-C9C3-4889-B570-5147CC9FB948}"
EndProject
Global
	GlobalSection(SolutionConfigurationPlatforms) = preSolution
		Debug|Any CPU = Debug|Any CPU
		Release|Any CPU = Release|Any CPU
	EndGlobalSection
	GlobalSection(ProjectConfigurationPlatforms) = postSolution
		{DF16960E-C9C3-4889-B570-5147CC9FB948}.Debug|Any CPU.ActiveCfg = Debug|Any CPU
		{DF16960E-C9C3-4889-B570-5147CC9FB948}.Debug|Any CPU.Build.0 = Debug|Any CPU
		{DF16960E-C9C3-4889-B570-5147CC9FB948}.Release|Any CPU.ActiveCfg = Release|Any CPU
		{DF16960E-C9C3-4889-B570-5147CC9FB948}.Release|Any CPU.Build.0 = Release|Any CPU
	EndGlobalSection
	GlobalSection(SolutionProperties) = preSolution
		HideSolutionNode = FALSE
	EndGlobalSection
	GlobalSection(ExtensibilityGlobals) = postSolution
		SolutionGuid = {17E2734A-85F6-49B0-8721-1C84F1E29F49}
	EndGlobalSection
EndGlobal
